
Microsoft Visual Studio Solution File, Format Version 12.00
# Visual Studio Version 16
VisualStudioVersion = 16.0.31005.135
MinimumVisualStudioVersion = 10.0.40219.1
Project("{9A19103F-16F7-4668-BE54-9A1E7A4F7556}") = "WindowsFormsAppSAIKEt1", "WindowsFormsAppSAIKEt1.csproj", "{7633874C-0731-4AB7-864A-171F8E04749B}"
EndProject
Global
	GlobalSection(SolutionConfigurationPlatforms) = preSolution
		Debug|Any CPU = Debug|Any CPU
		Release|Any CPU = Release|Any CPU
	EndGlobalSection
	GlobalSection(ProjectConfigurationPlatforms) = postSolution
		{7633874C-0731-4AB7-864A-171F8E04749B}.Debug|Any CPU.ActiveCfg = Debug|Any CPU
		{7633874C-0731-4AB7-864A-171F8E04749B}.Debug|Any CPU.Build.0 = Debug|Any CPU
		{7633874C-0731-4AB7-864A-171F8E04749B}.Release|Any CPU.ActiveCfg = Release|Any CPU
		{7633874C-0731-4AB7-864A-171F8E04749B}.Release|Any CPU.Build.0 = Release|Any CPU
	EndGlobalSection
	GlobalSection(SolutionProperties) = preSolution
		HideSolutionNode = FALSE
	EndGlobalSection
	GlobalSection(ExtensibilityGlobals) = postSolution
		SolutionGuid = {11B9444F-8CFE-41AE-8FE7-A640799370F7}
	EndGlobalSection
EndGlobal
